
Microsoft Visual Studio Solution File, Format Version 12.00
# Visual Studio Version 16
VisualStudioVersion = 16.0.30804.86
MinimumVisualStudioVersion = 10.0.40219.1
Project("{FAE04EC0-301F-11D3-BF4B-00C04F79EFBC}") = "ComPortProject", "COMPort - Monitor\ComPortProject.csproj", "{4A770000-8D2C-496F-B46E-EA2CB26C81BD}"
EndProject
Global
	GlobalSection(SolutionConfigurationPlatforms) = preSolution
		Debug|Any CPU = Debug|Any CPU
		Release|Any CPU = Release|Any CPU
	EndGlobalSection
	GlobalSection(ProjectConfigurationPlatforms) = postSolution
		{4A770000-8D2C-496F-B46E-EA2CB26C81BD}.Debug|Any CPU.ActiveCfg = Debug|Any CPU
		{4A770000-8D2C-496F-B46E-EA2CB26C81BD}.Debug|Any CPU.Build.0 = Debug|Any CPU
		{4A770000-8D2C-496F-B46E-EA2CB26C81BD}.Release|Any CPU.ActiveCfg = Release|Any CPU
		{4A770000-8D2C-496F-B46E-EA2CB26C81BD}.Release|Any CPU.Build.0 = Release|Any CPU
	EndGlobalSection
	GlobalSection(SolutionProperties) = preSolution
		HideSolutionNode = FALSE
	EndGlobalSection
	GlobalSection(ExtensibilityGlobals) = postSolution
		SolutionGuid = {3CD12A09-712B-4D1F-8B09-A32117A1571F}
	EndGlobalSection
EndGlobal
